
Microsoft Visual Studio Solution File, Format Version 12.00
# Visual Studio Version 16
VisualStudioVersion = 16.0.30717.126
MinimumVisualStudioVersion = 10.0.40219.1
Project("{FAE04EC0-301F-11D3-BF4B-00C04F79EFBC}") = "Live Sidechain Compressor", "Live Sidechain Compressor.csproj", "{2968F10E-20C4-4159-9182-F1F339DE8627}"
EndProject
Global
	GlobalSection(SolutionConfigurationPlatforms) = preSolution
		Debug|Any CPU = Debug|Any CPU
		Release|Any CPU = Release|Any CPU
	EndGlobalSection
	GlobalSection(ProjectConfigurationPlatforms) = postSolution
		{2968F10E-20C4-4159-9182-F1F339DE8627}.Debug|Any CPU.ActiveCfg = Debug|Any CPU
		{2968F10E-20C4-4159-9182-F1F339DE8627}.Debug|Any CPU.Build.0 = Debug|Any CPU
		{2968F10E-20C4-4159-9182-F1F339DE8627}.Release|Any CPU.ActiveCfg = Release|Any CPU
		{2968F10E-20C4-4159-9182-F1F339DE8627}.Release|Any CPU.Build.0 = Release|Any CPU
	EndGlobalSection
	GlobalSection(SolutionProperties) = preSolution
		HideSolutionNode = FALSE
	EndGlobalSection
	GlobalSection(ExtensibilityGlobals) = postSolution
		SolutionGuid = {40225E28-0271-4085-8047-10522835913A}
	EndGlobalSection
EndGlobal
